
Microsoft Visual Studio Solution File, Format Version 12.00
# Visual Studio Version 17
VisualStudioVersion = 17.6.33815.320
MinimumVisualStudioVersion = 10.0.40219.1
Project("{8BC9CEB8-8B4A-11D0-8D11-00A0C91BC942}") = "WvTable-test", "WvTable-test.vcxproj", "{663CFB2D-00D2-464C-B7CD-3481389AD1EA}"
EndProject
Global
	GlobalSection(SolutionConfigurationPlatforms) = preSolution
		Debug|x64 = Debug|x64
		Debug|x86 = Debug|x86
		Release|x64 = Release|x64
		Release|x86 = Release|x86
	EndGlobalSection
	GlobalSection(ProjectConfigurationPlatforms) = postSolution
		{663CFB2D-00D2-464C-B7CD-3481389AD1EA}.Debug|x64.ActiveCfg = Debug|x64
		{663CFB2D-00D2-464C-B7CD-3481389AD1EA}.Debug|x64.Build.0 = Debug|x64
		{663CFB2D-00D2-464C-B7CD-3481389AD1EA}.Debug|x86.ActiveCfg = Debug|Win32
		{663CFB2D-00D2-464C-B7CD-3481389AD1EA}.Debug|x86.Build.0 = Debug|Win32
		{663CFB2D-00D2-464C-B7CD-3481389AD1EA}.Release|x64.ActiveCfg = Release|x64
		{663CFB2D-00D2-464C-B7CD-3481389AD1EA}.Release|x64.Build.0 = Release|x64
		{663CFB2D-00D2-464C-B7CD-3481389AD1EA}.Release|x86.ActiveCfg = Release|Win32
		{663CFB2D-00D2-464C-B7CD-3481389AD1EA}.Release|x86.Build.0 = Release|Win32
	EndGlobalSection
	GlobalSection(SolutionProperties) = preSolution
		HideSolutionNode = FALSE
	EndGlobalSection
	GlobalSection(ExtensibilityGlobals) = postSolution
		SolutionGuid = {256D80A1-741C-49B6-91B4-0BB688919DFB}
	EndGlobalSection
EndGlobal
